// !$*UTF8*$!
{
	archiveVersion = 1;
	classes = {
	};
	objectVersion = 50;
	objects = {

/* Begin PBXBuildFile section */
		0F1696682271D065009C7949 /* MMU.swift in Sources */ = {isa = PBXBuildFile; fileRef = 0F1696672271D065009C7949 /* MMU.swift */; };
		0F1696AF227327BA009C7949 /* dmg_boot.bin in Resources */ = {isa = PBXBuildFile; fileRef = 0F1696AE227327BA009C7949 /* dmg_boot.bin */; };
		0F1696B322732B69009C7949 /* Instructions.swift in Sources */ = {isa = PBXBuildFile; fileRef = 0F1696B222732B69009C7949 /* Instructions.swift */; };
		0F1696D722738CC4009C7949 /* game.gb in Resources */ = {isa = PBXBuildFile; fileRef = 0F1696D622738CC4009C7949 /* game.gb */; };
		0F16973622771B09009C7949 /* Registers.swift in Sources */ = {isa = PBXBuildFile; fileRef = 0F16973522771B09009C7949 /* Registers.swift */; };
		0F88A26222AD62E500EC5AE2 /* CPU+Debugging.swift in Sources */ = {isa = PBXBuildFile; fileRef = 0F88A26122AD62E500EC5AE2 /* CPU+Debugging.swift */; };
		0FC11E9A22A697D30060F7E0 /* FileSystem.swift in Sources */ = {isa = PBXBuildFile; fileRef = 0FC11E9922A697D30060F7E0 /* FileSystem.swift */; };
		0FC11EC422A72B100060F7E0 /* CPUTimer.swift in Sources */ = {isa = PBXBuildFile; fileRef = 0FC11EC322A72B100060F7E0 /* CPUTimer.swift */; };
		0FC11EC622A72F570060F7E0 /* MemoryController.swift in Sources */ = {isa = PBXBuildFile; fileRef = 0FC11EC522A72F570060F7E0 /* MemoryController.swift */; };
		0FE4C74222A53C4800E927BA /* Cartridge.swift in Sources */ = {isa = PBXBuildFile; fileRef = 0FE4C74122A53C4800E927BA /* Cartridge.swift */; };
		0FEA3AA0226F319000AD96EE /* AppDelegate.swift in Sources */ = {isa = PBXBuildFile; fileRef = 0FEA3A9F226F319000AD96EE /* AppDelegate.swift */; };
		0FEA3AA7226F319100AD96EE /* Assets.xcassets in Resources */ = {isa = PBXBuildFile; fileRef = 0FEA3AA6226F319100AD96EE /* Assets.xcassets */; };
		0FEA3AB5226F319100AD96EE /* GameboyTests.swift in Sources */ = {isa = PBXBuildFile; fileRef = 0FEA3AB4226F319100AD96EE /* GameboyTests.swift */; };
		0FEA3AC0226F320500AD96EE /* GameboyViewController.swift in Sources */ = {isa = PBXBuildFile; fileRef = 0FEA3ABF226F320500AD96EE /* GameboyViewController.swift */; };
		0FEA3AC3226F339700AD96EE /* Gameboy.swift in Sources */ = {isa = PBXBuildFile; fileRef = 0FEA3AC2226F339700AD96EE /* Gameboy.swift */; };
		0FEA3AC6226F352800AD96EE /* CPU.swift in Sources */ = {isa = PBXBuildFile; fileRef = 0FEA3AC5226F352800AD96EE /* CPU.swift */; };
		0FEB93FD22AA7D94002B8D57 /* Int+Additions.swift in Sources */ = {isa = PBXBuildFile; fileRef = 0FEB93FC22AA7D94002B8D57 /* Int+Additions.swift */; };
/* End PBXBuildFile section */

/* Begin PBXContainerItemProxy section */
		0FEA3AB1226F319100AD96EE /* PBXContainerItemProxy */ = {
			isa = PBXContainerItemProxy;
			containerPortal = 0FEA3A94226F319000AD96EE /* Project object */;
			proxyType = 1;
			remoteGlobalIDString = 0FEA3A9B226F319000AD96EE;
			remoteInfo = Gameboy;
		};
/* End PBXContainerItemProxy section */

/* Begin PBXFileReference section */
		0F169666227119CA009C7949 /* DevelopmentPlayground.playground */ = {isa = PBXFileReference; lastKnownFileType = file.playground; path = DevelopmentPlayground.playground; sourceTree = SOURCE_ROOT; xcLanguageSpecificationIdentifier = xcode.lang.swift; };
		0F1696672271D065009C7949 /* MMU.swift */ = {isa = PBXFileReference; lastKnownFileType = sourcecode.swift; path = MMU.swift; sourceTree = "<group>"; };
		0F1696AE227327BA009C7949 /* dmg_boot.bin */ = {isa = PBXFileReference; lastKnownFileType = archive.macbinary; path = dmg_boot.bin; sourceTree = "<group>"; };
		0F1696B222732B69009C7949 /* Instructions.swift */ = {isa = PBXFileReference; lastKnownFileType = sourcecode.swift; path = Instructions.swift; sourceTree = "<group>"; };
		0F1696D622738CC4009C7949 /* game.gb */ = {isa = PBXFileReference; lastKnownFileType = file; path = game.gb; sourceTree = "<group>"; };
		0F16973522771B09009C7949 /* Registers.swift */ = {isa = PBXFileReference; lastKnownFileType = sourcecode.swift; path = Registers.swift; sourceTree = "<group>"; };
		0F88A26122AD62E500EC5AE2 /* CPU+Debugging.swift */ = {isa = PBXFileReference; lastKnownFileType = sourcecode.swift; path = "CPU+Debugging.swift"; sourceTree = "<group>"; };
		0FC11E9922A697D30060F7E0 /* FileSystem.swift */ = {isa = PBXFileReference; lastKnownFileType = sourcecode.swift; path = FileSystem.swift; sourceTree = "<group>"; };
		0FC11EC322A72B100060F7E0 /* CPUTimer.swift */ = {isa = PBXFileReference; lastKnownFileType = sourcecode.swift; path = CPUTimer.swift; sourceTree = "<group>"; };
		0FC11EC522A72F570060F7E0 /* MemoryController.swift */ = {isa = PBXFileReference; lastKnownFileType = sourcecode.swift; path = MemoryController.swift; sourceTree = "<group>"; };
		0FE4C74122A53C4800E927BA /* Cartridge.swift */ = {isa = PBXFileReference; lastKnownFileType = sourcecode.swift; path = Cartridge.swift; sourceTree = "<group>"; };
		0FEA3A9C226F319000AD96EE /* Gameboy.app */ = {isa = PBXFileReference; explicitFileType = wrapper.application; includeInIndex = 0; path = Gameboy.app; sourceTree = BUILT_PRODUCTS_DIR; };
		0FEA3A9F226F319000AD96EE /* AppDelegate.swift */ = {isa = PBXFileReference; lastKnownFileType = sourcecode.swift; path = AppDelegate.swift; sourceTree = "<group>"; };
		0FEA3AA6226F319100AD96EE /* Assets.xcassets */ = {isa = PBXFileReference; lastKnownFileType = folder.assetcatalog; path = Assets.xcassets; sourceTree = "<group>"; };
		0FEA3AAB226F319100AD96EE /* Info.plist */ = {isa = PBXFileReference; lastKnownFileType = text.plist.xml; path = Info.plist; sourceTree = "<group>"; };
		0FEA3AB0226F319100AD96EE /* GameboyTests.xctest */ = {isa = PBXFileReference; explicitFileType = wrapper.cfbundle; includeInIndex = 0; path = GameboyTests.xctest; sourceTree = BUILT_PRODUCTS_DIR; };
		0FEA3AB4226F319100AD96EE /* GameboyTests.swift */ = {isa = PBXFileReference; lastKnownFileType = sourcecode.swift; path = GameboyTests.swift; sourceTree = "<group>"; };
		0FEA3AB6226F319100AD96EE /* Info.plist */ = {isa = PBXFileReference; lastKnownFileType = text.plist.xml; path = Info.plist; sourceTree = "<group>"; };
		0FEA3ABF226F320500AD96EE /* GameboyViewController.swift */ = {isa = PBXFileReference; lastKnownFileType = sourcecode.swift; path = GameboyViewController.swift; sourceTree = "<group>"; };
		0FEA3AC2226F339700AD96EE /* Gameboy.swift */ = {isa = PBXFileReference; lastKnownFileType = sourcecode.swift; path = Gameboy.swift; sourceTree = "<group>"; };
		0FEA3AC5226F352800AD96EE /* CPU.swift */ = {isa = PBXFileReference; lastKnownFileType = sourcecode.swift; path = CPU.swift; sourceTree = "<group>"; };
		0FEB93FC22AA7D94002B8D57 /* Int+Additions.swift */ = {isa = PBXFileReference; lastKnownFileType = sourcecode.swift; path = "Int+Additions.swift"; sourceTree = "<group>"; };
/* End PBXFileReference section */

/* Begin PBXFrameworksBuildPhase section */
		0FEA3A99226F319000AD96EE /* Frameworks */ = {
			isa = PBXFrameworksBuildPhase;
			buildActionMask = 2147483647;
			files = (
			);
			runOnlyForDeploymentPostprocessing = 0;
		};
		0FEA3AAD226F319100AD96EE /* Frameworks */ = {
			isa = PBXFrameworksBuildPhase;
			buildActionMask = 2147483647;
			files = (
			);
			runOnlyForDeploymentPostprocessing = 0;
		};
/* End PBXFrameworksBuildPhase section */

/* Begin PBXGroup section */
		0F1696AD22732791009C7949 /* Resources */ = {
			isa = PBXGroup;
			children = (
				0F1696D622738CC4009C7949 /* game.gb */,
				0F1696AE227327BA009C7949 /* dmg_boot.bin */,
			);
			path = Resources;
			sourceTree = "<group>";
		};
		0FEA3A93226F319000AD96EE = {
			isa = PBXGroup;
			children = (
				0FEA3A9E226F319000AD96EE /* Gameboy */,
				0FEA3AB3226F319100AD96EE /* GameboyTests */,
				0FEA3A9D226F319000AD96EE /* Products */,
			);
			sourceTree = "<group>";
		};
		0FEA3A9D226F319000AD96EE /* Products */ = {
			isa = PBXGroup;
			children = (
				0FEA3A9C226F319000AD96EE /* Gameboy.app */,
				0FEA3AB0226F319100AD96EE /* GameboyTests.xctest */,
			);
			name = Products;
			sourceTree = "<group>";
		};
		0FEA3A9E226F319000AD96EE /* Gameboy */ = {
			isa = PBXGroup;
			children = (
				0FEB93FB22AA7D73002B8D57 /* Additions */,
				0F1696AD22732791009C7949 /* Resources */,
				0F169666227119CA009C7949 /* DevelopmentPlayground.playground */,
				0FEA3AC1226F334400AD96EE /* System */,
				0FEA3A9F226F319000AD96EE /* AppDelegate.swift */,
				0FEA3AA6226F319100AD96EE /* Assets.xcassets */,
				0FEA3AAB226F319100AD96EE /* Info.plist */,
				0FEA3ABF226F320500AD96EE /* GameboyViewController.swift */,
			);
			path = Gameboy;
			sourceTree = "<group>";
		};
		0FEA3AB3226F319100AD96EE /* GameboyTests */ = {
			isa = PBXGroup;
			children = (
				0FEA3AB4226F319100AD96EE /* GameboyTests.swift */,
				0FEA3AB6226F319100AD96EE /* Info.plist */,
			);
			path = GameboyTests;
			sourceTree = "<group>";
		};
		0FEA3AC1226F334400AD96EE /* System */ = {
			isa = PBXGroup;
			children = (
				0FEA3AC4226F351E00AD96EE /* Subsystems */,
				0FEA3AC2226F339700AD96EE /* Gameboy.swift */,
				0FE4C74122A53C4800E927BA /* Cartridge.swift */,
			);
			path = System;
			sourceTree = "<group>";
		};
		0FEA3AC4226F351E00AD96EE /* Subsystems */ = {
			isa = PBXGroup;
			children = (
				0FEA3AC5226F352800AD96EE /* CPU.swift */,
				0F1696672271D065009C7949 /* MMU.swift */,
				0F1696B222732B69009C7949 /* Instructions.swift */,
				0F16973522771B09009C7949 /* Registers.swift */,
				0FC11E9922A697D30060F7E0 /* FileSystem.swift */,
				0FC11EC322A72B100060F7E0 /* CPUTimer.swift */,
				0FC11EC522A72F570060F7E0 /* MemoryController.swift */,
			);
			path = Subsystems;
			sourceTree = "<group>";
		};
		0FEB93FB22AA7D73002B8D57 /* Additions */ = {
			isa = PBXGroup;
			children = (
				0FEB93FC22AA7D94002B8D57 /* Int+Additions.swift */,
				0F88A26122AD62E500EC5AE2 /* CPU+Debugging.swift */,
			);
			path = Additions;
			sourceTree = "<group>";
		};
/* End PBXGroup section */

/* Begin PBXNativeTarget section */
		0FEA3A9B226F319000AD96EE /* Gameboy */ = {
			isa = PBXNativeTarget;
			buildConfigurationList = 0FEA3AB9226F319100AD96EE /* Build configuration list for PBXNativeTarget "Gameboy" */;
			buildPhases = (
				0FEA3A98226F319000AD96EE /* Sources */,
				0FEA3A99226F319000AD96EE /* Frameworks */,
				0FEA3A9A226F319000AD96EE /* Resources */,
			);
			buildRules = (
			);
			dependencies = (
			);
			name = Gameboy;
			productName = Gameboy;
			productReference = 0FEA3A9C226F319000AD96EE /* Gameboy.app */;
			productType = "com.apple.product-type.application";
		};
		0FEA3AAF226F319100AD96EE /* GameboyTests */ = {
			isa = PBXNativeTarget;
			buildConfigurationList = 0FEA3ABC226F319100AD96EE /* Build configuration list for PBXNativeTarget "GameboyTests" */;
			buildPhases = (
				0FEA3AAC226F319100AD96EE /* Sources */,
				0FEA3AAD226F319100AD96EE /* Frameworks */,
				0FEA3AAE226F319100AD96EE /* Resources */,
			);
			buildRules = (
			);
			dependencies = (
				0FEA3AB2226F319100AD96EE /* PBXTargetDependency */,
			);
			name = GameboyTests;
			productName = GameboyTests;
			productReference = 0FEA3AB0226F319100AD96EE /* GameboyTests.xctest */;
			productType = "com.apple.product-type.bundle.unit-test";
		};
/* End PBXNativeTarget section */

/* Begin PBXProject section */
		0FEA3A94226F319000AD96EE /* Project object */ = {
			isa = PBXProject;
			attributes = {
				LastSwiftUpdateCheck = 1020;
				LastUpgradeCheck = 1020;
				ORGANIZATIONNAME = "Andrew Apperley";
				TargetAttributes = {
					0FEA3A9B226F319000AD96EE = {
						CreatedOnToolsVersion = 10.2;
					};
					0FEA3AAF226F319100AD96EE = {
						CreatedOnToolsVersion = 10.2;
						TestTargetID = 0FEA3A9B226F319000AD96EE;
					};
				};
			};
			buildConfigurationList = 0FEA3A97226F319000AD96EE /* Build configuration list for PBXProject "Gameboy" */;
			compatibilityVersion = "Xcode 9.3";
			developmentRegion = en;
			hasScannedForEncodings = 0;
			knownRegions = (
				en,
				Base,
			);
			mainGroup = 0FEA3A93226F319000AD96EE;
			productRefGroup = 0FEA3A9D226F319000AD96EE /* Products */;
			projectDirPath = "";
			projectRoot = "";
			targets = (
				0FEA3A9B226F319000AD96EE /* Gameboy */,
				0FEA3AAF226F319100AD96EE /* GameboyTests */,
			);
		};
/* End PBXProject section */

/* Begin PBXResourcesBuildPhase section */
		0FEA3A9A226F319000AD96EE /* Resources */ = {
			isa = PBXResourcesBuildPhase;
			buildActionMask = 2147483647;
			files = (
				0F1696D722738CC4009C7949 /* game.gb in Resources */,
				0F1696AF227327BA009C7949 /* dmg_boot.bin in Resources */,
				0FEA3AA7226F319100AD96EE /* Assets.xcassets in Resources */,
			);
			runOnlyForDeploymentPostprocessing = 0;
		};
		0FEA3AAE226F319100AD96EE /* Resources */ = {
			isa = PBXResourcesBuildPhase;
			buildActionMask = 2147483647;
			files = (
			);
			runOnlyForDeploymentPostprocessing = 0;
		};
/* End PBXResourcesBuildPhase section */

/* Begin PBXSourcesBuildPhase section */
		0FEA3A98226F319000AD96EE /* Sources */ = {
			isa = PBXSourcesBuildPhase;
			buildActionMask = 2147483647;
			files = (
				0F1696682271D065009C7949 /* MMU.swift in Sources */,
				0FC11E9A22A697D30060F7E0 /* FileSystem.swift in Sources */,
				0FEA3AC6226F352800AD96EE /* CPU.swift in Sources */,
				0FC11EC622A72F570060F7E0 /* MemoryController.swift in Sources */,
				0FEA3AA0226F319000AD96EE /* AppDelegate.swift in Sources */,
				0FC11EC422A72B100060F7E0 /* CPUTimer.swift in Sources */,
				0FEA3AC3226F339700AD96EE /* Gameboy.swift in Sources */,
				0F16973622771B09009C7949 /* Registers.swift in Sources */,
				0F1696B322732B69009C7949 /* Instructions.swift in Sources */,
				0FEB93FD22AA7D94002B8D57 /* Int+Additions.swift in Sources */,
				0FEA3AC0226F320500AD96EE /* GameboyViewController.swift in Sources */,
				0FE4C74222A53C4800E927BA /* Cartridge.swift in Sources */,
				0F88A26222AD62E500EC5AE2 /* CPU+Debugging.swift in Sources */,
			);
			runOnlyForDeploymentPostprocessing = 0;
		};
		0FEA3AAC226F319100AD96EE /* Sources */ = {
			isa = PBXSourcesBuildPhase;
			buildActionMask = 2147483647;
			files = (
				0FEA3AB5226F319100AD96EE /* GameboyTests.swift in Sources */,
			);
			runOnlyForDeploymentPostprocessing = 0;
		};
/* End PBXSourcesBuildPhase section */

/* Begin PBXTargetDependency section */
		0FEA3AB2226F319100AD96EE /* PBXTargetDependency */ = {
			isa = PBXTargetDependency;
			target = 0FEA3A9B226F319000AD96EE /* Gameboy */;
			targetProxy = 0FEA3AB1226F319100AD96EE /* PBXContainerItemProxy */;
		};
/* End PBXTargetDependency section */

/* Begin XCBuildConfiguration section */
		0FEA3AB7226F319100AD96EE /* Debug */ = {
			isa = XCBuildConfiguration;
			buildSettings = {
				ALWAYS_SEARCH_USER_PATHS = NO;
				CLANG_ANALYZER_NONNULL = YES;
				CLANG_ANALYZER_NUMBER_OBJECT_CONVERSION = YES_AGGRESSIVE;
				CLANG_CXX_LANGUAGE_STANDARD = "gnu++14";
				CLANG_CXX_LIBRARY = "libc++";
				CLANG_ENABLE_MODULES = YES;
				CLANG_ENABLE_OBJC_ARC = YES;
				CLANG_ENABLE_OBJC_WEAK = YES;
				CLANG_WARN_BLOCK_CAPTURE_AUTORELEASING = YES;
				CLANG_WARN_BOOL_CONVERSION = YES;
				CLANG_WARN_COMMA = YES;
				CLANG_WARN_CONSTANT_CONVERSION = YES;
				CLANG_WARN_DEPRECATED_OBJC_IMPLEMENTATIONS = YES;
				CLANG_WARN_DIRECT_OBJC_ISA_USAGE = YES_ERROR;
				CLANG_WARN_DOCUMENTATION_COMMENTS = YES;
				CLANG_WARN_EMPTY_BODY = YES;
				CLANG_WARN_ENUM_CONVERSION = YES;
				CLANG_WARN_INFINITE_RECURSION = YES;
				CLANG_WARN_INT_CONVERSION = YES;
				CLANG_WARN_NON_LITERAL_NULL_CONVERSION = YES;
				CLANG_WARN_OBJC_IMPLICIT_RETAIN_SELF = YES;
				CLANG_WARN_OBJC_LITERAL_CONVERSION = YES;
				CLANG_WARN_OBJC_ROOT_CLASS = YES_ERROR;
				CLANG_WARN_RANGE_LOOP_ANALYSIS = YES;
				CLANG_WARN_STRICT_PROTOTYPES = YES;
				CLANG_WARN_SUSPICIOUS_MOVE = YES;
				CLANG_WARN_UNGUARDED_AVAILABILITY = YES_AGGRESSIVE;
				CLANG_WARN_UNREACHABLE_CODE = YES;
				CLANG_WARN__DUPLICATE_METHOD_MATCH = YES;
				CODE_SIGN_IDENTITY = "iPhone Developer";
				COPY_PHASE_STRIP = NO;
				DEBUG_INFORMATION_FORMAT = dwarf;
				ENABLE_STRICT_OBJC_MSGSEND = YES;
				ENABLE_TESTABILITY = YES;
				GCC_C_LANGUAGE_STANDARD = gnu11;
				GCC_DYNAMIC_NO_PIC = NO;
				GCC_NO_COMMON_BLOCKS = YES;
				GCC_OPTIMIZATION_LEVEL = 0;
				GCC_PREPROCESSOR_DEFINITIONS = (
					"DEBUG=1",
					"$(inherited)",
				);
				GCC_WARN_64_TO_32_BIT_CONVERSION = YES;
				GCC_WARN_ABOUT_RETURN_TYPE = YES_ERROR;
				GCC_WARN_UNDECLARED_SELECTOR = YES;
				GCC_WARN_UNINITIALIZED_AUTOS = YES_AGGRESSIVE;
				GCC_WARN_UNUSED_FUNCTION = YES;
				GCC_WARN_UNUSED_VARIABLE = YES;
				IPHONEOS_DEPLOYMENT_TARGET = 12.2;
				MTL_ENABLE_DEBUG_INFO = INCLUDE_SOURCE;
				MTL_FAST_MATH = YES;
				ONLY_ACTIVE_ARCH = YES;
				SDKROOT = iphoneos;
				SWIFT_ACTIVE_COMPILATION_CONDITIONS = DEBUG;
				SWIFT_OPTIMIZATION_LEVEL = "-Onone";
			};
			name = Debug;
		};
		0FEA3AB8226F319100AD96EE /* Release */ = {
			isa = XCBuildConfiguration;
			buildSettings = {
				ALWAYS_SEARCH_USER_PATHS = NO;
				CLANG_ANALYZER_NONNULL = YES;
				CLANG_ANALYZER_NUMBER_OBJECT_CONVERSION = YES_AGGRESSIVE;
				CLANG_CXX_LANGUAGE_STANDARD = "gnu++14";
				CLANG_CXX_LIBRARY = "libc++";
				CLANG_ENABLE_MODULES = YES;
				CLANG_ENABLE_OBJC_ARC = YES;
				CLANG_ENABLE_OBJC_WEAK = YES;
				CLANG_WARN_BLOCK_CAPTURE_AUTORELEASING = YES;
				CLANG_WARN_BOOL_CONVERSION = YES;
				CLANG_WARN_COMMA = YES;
				CLANG_WARN_CONSTANT_CONVERSION = YES;
				CLANG_WARN_DEPRECATED_OBJC_IMPLEMENTATIONS = YES;
				CLANG_WARN_DIRECT_OBJC_ISA_USAGE = YES_ERROR;
				CLANG_WARN_DOCUMENTATION_COMMENTS = YES;
				CLANG_WARN_EMPTY_BODY = YES;
				CLANG_WARN_ENUM_CONVERSION = YES;
				CLANG_WARN_INFINITE_RECURSION = YES;
				CLANG_WARN_INT_CONVERSION = YES;
				CLANG_WARN_NON_LITERAL_NULL_CONVERSION = YES;
				CLANG_WARN_OBJC_IMPLICIT_RETAIN_SELF = YES;
				CLANG_WARN_OBJC_LITERAL_CONVERSION = YES;
				CLANG_WARN_OBJC_ROOT_CLASS = YES_ERROR;
				CLANG_WARN_RANGE_LOOP_ANALYSIS = YES;
				CLANG_WARN_STRICT_PROTOTYPES = YES;
				CLANG_WARN_SUSPICIOUS_MOVE = YES;
				CLANG_WARN_UNGUARDED_AVAILABILITY = YES_AGGRESSIVE;
				CLANG_WARN_UNREACHABLE_CODE = YES;
				CLANG_WARN__DUPLICATE_METHOD_MATCH = YES;
				CODE_SIGN_IDENTITY = "iPhone Developer";
				COPY_PHASE_STRIP = NO;
				DEBUG_INFORMATION_FORMAT = "dwarf-with-dsym";
				ENABLE_NS_ASSERTIONS = NO;
				ENABLE_STRICT_OBJC_MSGSEND = YES;
				GCC_C_LANGUAGE_STANDARD = gnu11;
				GCC_NO_COMMON_BLOCKS = YES;
				GCC_WARN_64_TO_32_BIT_CONVERSION = YES;
				GCC_WARN_ABOUT_RETURN_TYPE = YES_ERROR;
				GCC_WARN_UNDECLARED_SELECTOR = YES;
				GCC_WARN_UNINITIALIZED_AUTOS = YES_AGGRESSIVE;
				GCC_WARN_UNUSED_FUNCTION = YES;
				GCC_WARN_UNUSED_VARIABLE = YES;
				IPHONEOS_DEPLOYMENT_TARGET = 12.2;
				MTL_ENABLE_DEBUG_INFO = NO;
				MTL_FAST_MATH = YES;
				SDKROOT = iphoneos;
				SWIFT_COMPILATION_MODE = wholemodule;
				SWIFT_OPTIMIZATION_LEVEL = "-O";
				VALIDATE_PRODUCT = YES;
			};
			name = Release;
		};
		0FEA3ABA226F319100AD96EE /* Debug */ = {
			isa = XCBuildConfiguration;
			buildSettings = {
				ASSETCATALOG_COMPILER_APPICON_NAME = AppIcon;
				ASSETCATALOG_COMPILER_LAUNCHIMAGE_NAME = LaunchImage;
				CODE_SIGN_STYLE = Automatic;
				DEVELOPMENT_TEAM = D7Z468F72Q;
				INFOPLIST_FILE = Gameboy/Info.plist;
				LD_RUNPATH_SEARCH_PATHS = (
					"$(inherited)",
					"@executable_path/Frameworks",
				);
				PRODUCT_BUNDLE_IDENTIFIER = ca.andrewapperley.Gameboy;
				PRODUCT_NAME = "$(TARGET_NAME)";
				SWIFT_VERSION = 5.0;
				TARGETED_DEVICE_FAMILY = 1;
			};
			name = Debug;
		};
		0FEA3ABB226F319100AD96EE /* Release */ = {
			isa = XCBuildConfiguration;
			buildSettings = {
				ASSETCATALOG_COMPILER_APPICON_NAME = AppIcon;
				ASSETCATALOG_COMPILER_LAUNCHIMAGE_NAME = LaunchImage;
				CODE_SIGN_STYLE = Automatic;
				DEVELOPMENT_TEAM = D7Z468F72Q;
				INFOPLIST_FILE = Gameboy/Info.plist;
				LD_RUNPATH_SEARCH_PATHS = (
					"$(inherited)",
					"@executable_path/Frameworks",
				);
				PRODUCT_BUNDLE_IDENTIFIER = ca.andrewapperley.Gameboy;
				PRODUCT_NAME = "$(TARGET_NAME)";
				SWIFT_VERSION = 5.0;
				TARGETED_DEVICE_FAMILY = 1;
			};
			name = Release;
		};
		0FEA3ABD226F319100AD96EE /* Debug */ = {
			isa = XCBuildConfiguration;
			buildSettings = {
				ALWAYS_EMBED_SWIFT_STANDARD_LIBRARIES = YES;
				BUNDLE_LOADER = "$(TEST_HOST)";
				CODE_SIGN_STYLE = Automatic;
				DEVELOPMENT_TEAM = D7Z468F72Q;
				INFOPLIST_FILE = GameboyTests/Info.plist;
				LD_RUNPATH_SEARCH_PATHS = (
					"$(inherited)",
					"@executable_path/Frameworks",
					"@loader_path/Frameworks",
				);
				PRODUCT_BUNDLE_IDENTIFIER = ca.andrewapperley.GameboyTests;
				PRODUCT_NAME = "$(TARGET_NAME)";
				SWIFT_VERSION = 5.0;
				TARGETED_DEVICE_FAMILY = "1,2";
				TEST_HOST = "$(BUILT_PRODUCTS_DIR)/Gameboy.app/Gameboy";
			};
			name = Debug;
		};
		0FEA3ABE226F319100AD96EE /* Release */ = {
			isa = XCBuildConfiguration;
			buildSettings = {
				ALWAYS_EMBED_SWIFT_STANDARD_LIBRARIES = YES;
				BUNDLE_LOADER = "$(TEST_HOST)";
				CODE_SIGN_STYLE = Automatic;
				DEVELOPMENT_TEAM = D7Z468F72Q;
				INFOPLIST_FILE = GameboyTests/Info.plist;
				LD_RUNPATH_SEARCH_PATHS = (
					"$(inherited)",
					"@executable_path/Frameworks",
					"@loader_path/Frameworks",
				);
				PRODUCT_BUNDLE_IDENTIFIER = ca.andrewapperley.GameboyTests;
				PRODUCT_NAME = "$(TARGET_NAME)";
				SWIFT_VERSION = 5.0;
				TARGETED_DEVICE_FAMILY = "1,2";
				TEST_HOST = "$(BUILT_PRODUCTS_DIR)/Gameboy.app/Gameboy";
			};
			name = Release;
		};
/* End XCBuildConfiguration section */

/* Begin XCConfigurationList section */
		0FEA3A97226F319000AD96EE /* Build configuration list for PBXProject "Gameboy" */ = {
			isa = XCConfigurationList;
			buildConfigurations = (
				0FEA3AB7226F319100AD96EE /* Debug */,
				0FEA3AB8226F319100AD96EE /* Release */,
			);
			defaultConfigurationIsVisible = 0;
			defaultConfigurationName = Release;
		};
		0FEA3AB9226F319100AD96EE /* Build configuration list for PBXNativeTarget "Gameboy" */ = {
			isa = XCConfigurationList;
			buildConfigurations = (
				0FEA3ABA226F319100AD96EE /* Debug */,
				0FEA3ABB226F319100AD96EE /* Release */,
			);
			defaultConfigurationIsVisible = 0;
			defaultConfigurationName = Release;
		};
		0FEA3ABC226F319100AD96EE /* Build configuration list for PBXNativeTarget "GameboyTests" */ = {
			isa = XCConfigurationList;
			buildConfigurations = (
				0FEA3ABD226F319100AD96EE /* Debug */,
				0FEA3ABE226F319100AD96EE /* Release */,
			);
			defaultConfigurationIsVisible = 0;
			defaultConfigurationName = Release;
		};
/* End XCConfigurationList section */
	};
	rootObject = 0FEA3A94226F319000AD96EE /* Project object */;
}
